{
  "nodes": {
    "fenix": {
      "inputs": {
        "nixpkgs": [
          "nixpkgs"
        ],
        "rust-analyzer-src": "rust-analyzer-src"
      },
      "locked": {
        "lastModified": 1728973961,
        "narHash": "sha256-Jkqaw9O7WXTf5SHrK7xr9HpVU/mEPVg0Sp6s3AENC90=",
        "owner": "nix-community",
        "repo": "fenix",
        "rev": "d6a9ff4d1e60c347a23bc96ccdb058d37a810541",
        "type": "github"
      },
      "original": {
        "owner": "nix-community",
        "repo": "fenix",
        "type": "github"
      }
    },
    "flake-utils": {
      "inputs": {
        "systems": "systems"
      },
      "locked": {
        "lastModified": 1726560853,
        "narHash": "sha256-X6rJYSESBVr3hBoH0WbKE5KvhPU5bloyZ2L4K60/fPQ=",
        "owner": "numtide",
        "repo": "flake-utils",
        "rev": "c1dfcf08411b08f6b8615f7d8971a2bfa81d5e8a",
        "type": "github"
      },
      "original": {
        "owner": "numtide",
        "repo": "flake-utils",
        "type": "github"
      }
    },
    "nixpkgs": {
      "locked": {
        "lastModified": 0,
        "narHash": "sha256-PbDWAIjKJdlVg+qQRhzdSor04bAPApDqIv2DofTyynk=",
        "path": "/nix/store/5cypwijbjdxmr4i7ckpq1in7f09547fc-source",
        "type": "path"
      },
      "original": {
        "id": "nixpkgs",
        "type": "indirect"
      }
    },
    "root": {
      "inputs": {
        "fenix": "fenix",
        "flake-utils": "flake-utils",
        "nixpkgs": "nixpkgs",
        "rust-sel4": "rust-sel4",
        "seL4-nix-utils": "seL4-nix-utils"
      }
    },
    "rust-analyzer-src": {
      "flake": false,
      "locked": {
        "lastModified": 1728921748,
        "narHash": "sha256-BOCZ5osPOMh2BPHnkK4sVdTGj7sn47rBn1nxjrzWe5U=",
        "owner": "rust-lang",
        "repo": "rust-analyzer",
        "rev": "0319586ef2a2636f6d6b891690b7ebebf4337c85",
        "type": "github"
      },
      "original": {
        "owner": "rust-lang",
        "ref": "nightly",
        "repo": "rust-analyzer",
        "type": "github"
      }
    },
    "rust-sel4": {
      "flake": false,
      "locked": {
        "lastModified": 1732659027,
        "narHash": "sha256-besKtNRXX75LxiEnPhx0gLw9znHtJQEjqWZP7XqTz2U=",
        "owner": "seL4",
        "repo": "rust-sel4",
        "rev": "5b9ebfd0a3a9805f28cc9222cd558e8d56a3919d",
        "type": "github"
      },
      "original": {
        "owner": "seL4",
        "repo": "rust-sel4",
        "type": "github"
      }
    },
    "seL4-nix-utils": {
      "inputs": {
        "flake-utils": [
          "flake-utils"
        ],
        "nixpkgs": [
          "nixpkgs"
        ],
        "treefmt-nix": "treefmt-nix"
      },
      "locked": {
        "lastModified": 1730112613,
        "narHash": "sha256-RHihdTqE7rHVY4kHhwmjBfApM4vEkafhR5rUyEVZyL4=",
        "owner": "DLR-FT",
        "repo": "seL4-nix-utils",
        "rev": "7b27440e1972f856c8a3460df6952e80e1843f2d",
        "type": "github"
      },
      "original": {
        "owner": "DLR-FT",
        "repo": "seL4-nix-utils",
        "type": "github"
      }
    },
    "systems": {
      "locked": {
        "lastModified": 1681028828,
        "narHash": "sha256-Vy1rq5AaRuLzOxct8nz4T6wlgyUR7zLU309k9mBC768=",
        "owner": "nix-systems",
        "repo": "default",
        "rev": "da67096a3b9bf56a91d16901293e51ba5b49a27e",
        "type": "github"
      },
      "original": {
        "owner": "nix-systems",
        "repo": "default",
        "type": "github"
      }
    },
    "treefmt-nix": {
      "inputs": {
        "nixpkgs": [
          "seL4-nix-utils",
          "nixpkgs"
        ]
      },
      "locked": {
        "lastModified": 1710781103,
        "narHash": "sha256-nehQK/XTFxfa6rYKtbi8M1w+IU1v5twYhiyA4dg1vpg=",
        "owner": "numtide",
        "repo": "treefmt-nix",
        "rev": "7ee5aaac63c30d3c97a8c56efe89f3b2aa9ae564",
        "type": "github"
      },
      "original": {
        "owner": "numtide",
        "repo": "treefmt-nix",
        "type": "github"
      }
    }
  },
  "root": "root",
  "version": 7
}
